{
	"name": "roblox-ts-demo-game",
	"version": "1.0.0",
	"lockfileVersion": 1,
	"requires": true,
	"dependencies": {
		"@rbxts/services": {
			"version": "1.1.0",
			"resolved": "https://registry.npmjs.org/@rbxts/services/-/services-1.1.0.tgz",
			"integrity": "sha512-c3uH0JHDJzsxgQhKJUeeIysYYppkhnjs+3xztXOV4mVn9txZMkCu+0hN5ctPqtBGZefTJ104nVp5ZFehUmWvrg=="
		},
		"@rbxts/types": {
			"version": "1.0.393",
			"resolved": "https://registry.npmjs.org/@rbxts/types/-/types-1.0.393.tgz",
			"integrity": "sha512-o5AUuLKCuCOeWKV7siQNEy1S1OTTVceMXXc2T0GiS9FPCfSmQ9/wcC8xeoQKXB8vKZoKUlI82muueXXh3oPDgA=="
		}
	}
}
