{
	"name": "roblox-ts-demo-game",
	"version": "1.0.0",
	"lockfileVersion": 1,
	"requires": true,
	"dependencies": {
		"@rbxts/compiler-types": {
			"version": "1.0.0-beta.3.1",
			"resolved": "https://registry.npmjs.org/@rbxts/compiler-types/-/compiler-types-1.0.0-beta.3.1.tgz",
			"integrity": "sha512-qHFb0i/ADmI2eOYNPsro73jKF8LOX+HwL4xGAHo0UW/9FC2vJyVpb3n8RsdFlKLxVYtzaz8ZAnmm/gNu8xu3AQ=="
		},
		"@rbxts/services": {
			"version": "1.1.1",
			"resolved": "https://registry.npmjs.org/@rbxts/services/-/services-1.1.1.tgz",
			"integrity": "sha512-81isCMtHKuNKzCcDx4+6bW8xQqAESpFicC4plATOzhn4x68XOjoeEZsVkmka1l3Tvwjs6QLQuvP28ZuKROLPzA=="
		},
		"@rbxts/types": {
			"version": "1.0.420",
			"resolved": "https://registry.npmjs.org/@rbxts/types/-/types-1.0.420.tgz",
			"integrity": "sha512-I0UiFfMsp/9XwuCSlvDiMT8w+WlBPzQvM3OzJx5QeYzzPSpizq1TPE7v7bhMIAbwhVsP7xCoh2y24tGTqA0jqg==",
			"requires": {
				"@rbxts/compiler-types": "*"
			}
		}
	}
}
