{
	"name": "roblox-ts-demo-game",
	"version": "1.0.0",
	"lockfileVersion": 1,
	"requires": true,
	"dependencies": {
		"@rbxts/services": {
			"version": "1.1.1",
			"resolved": "https://registry.npmjs.org/@rbxts/services/-/services-1.1.1.tgz",
			"integrity": "sha512-81isCMtHKuNKzCcDx4+6bW8xQqAESpFicC4plATOzhn4x68XOjoeEZsVkmka1l3Tvwjs6QLQuvP28ZuKROLPzA=="
		},
		"@rbxts/types": {
			"version": "1.0.409",
			"resolved": "https://registry.npmjs.org/@rbxts/types/-/types-1.0.409.tgz",
			"integrity": "sha512-XwE4UcAfYovx10FQrpAN2LxBLmwVjHNeskRf18JXMGPQX5EtTsZfuXeMuGqkvPD1NEs4CopRtH2WOgOC8UMUPQ=="
		}
	}
}
